<?xml version="1.0" encoding="utf-8"?>
<Project ToolsVersion="4.0" xmlns="http://schemas.microsoft.com/developer/msbuild/2003">
  <ItemGroup>
    <Filter Include="源文件">
      <UniqueIdentifier>{4FC737F1-C7A5-4376-A066-2A32D752A2FF}</UniqueIdentifier>
      <Extensions>cpp;c;cc;cxx;def;odl;idl;hpj;bat;asm;asmx</Extensions>
    </Filter>
    <Filter Include="头文件">
      <UniqueIdentifier>{93995380-89BD-4b04-88EB-625FBE52EBFB}</UniqueIdentifier>
      <Extensions>h;hpp;hxx;hm;inl;inc;xsd</Extensions>
    </Filter>
    <Filter Include="资源文件">
      <UniqueIdentifier>{67DA6AB6-F800-4c08-8B7A-83BB121AAD01}</UniqueIdentifier>
      <Extensions>rc;ico;cur;bmp;dlg;rc2;rct;bin;rgs;gif;jpg;jpeg;jpe;resx;tiff;tif;png;wav;mfcribbon-ms</Extensions>
    </Filter>
  </ItemGroup>
  <ItemGroup>
    <Text Include="ReadMe.txt" />
  </ItemGroup>
  <ItemGroup>
    <ClInclude Include="stdafx.h">
      <Filter>头文件</Filter>
    </ClInclude>
    <ClInclude Include="targetver.h">
      <Filter>头文件</Filter>
    </ClInclude>
    <ClInclude Include="variables.h">
      <Filter>头文件</Filter>
    </ClInclude>
    <ClInclude Include="Jass.h">
      <Filter>头文件</Filter>
    </ClInclude>
    <ClInclude Include="Tools.h">
      <Filter>头文件</Filter>
    </ClInclude>
    <ClInclude Include="func.h">
      <Filter>头文件</Filter>
    </ClInclude>
    <ClInclude Include="War3Client.h">
      <Filter>头文件</Filter>
    </ClInclude>
    <ClInclude Include="VSPatch.h">
      <Filter>头文件</Filter>
    </ClInclude>
    <ClInclude Include="MapPatch.h">
      <Filter>头文件</Filter>
    </ClInclude>
    <ClInclude Include="Gamestate.h">
      <Filter>头文件</Filter>
    </ClInclude>
    <ClInclude Include="zResourceHook.h">
      <Filter>头文件</Filter>
    </ClInclude>
    <ClInclude Include="NumShow.h">
      <Filter>头文件</Filter>
    </ClInclude>
    <ClInclude Include="HeroLine.h">
      <Filter>头文件</Filter>
    </ClInclude>
    <ClInclude Include="UnitCommad.h">
      <Filter>头文件</Filter>
    </ClInclude>
    <ClInclude Include="ColoredInvi.h">
      <Filter>头文件</Filter>
    </ClInclude>
    <ClInclude Include="GreyHP.h">
      <Filter>头文件</Filter>
    </ClInclude>
    <ClInclude Include="DamageNotifier.h">
      <Filter>头文件</Filter>
    </ClInclude>
  </ItemGroup>
  <ItemGroup>
    <ClCompile Include="stdafx.cpp">
      <Filter>源文件</Filter>
    </ClCompile>
    <ClCompile Include="JasHack.cpp">
      <Filter>源文件</Filter>
    </ClCompile>
    <ClCompile Include="dllmain.cpp">
      <Filter>源文件</Filter>
    </ClCompile>
    <ClCompile Include="Jass.cpp">
      <Filter>源文件</Filter>
    </ClCompile>
    <ClCompile Include="Tools.cpp">
      <Filter>源文件</Filter>
    </ClCompile>
    <ClCompile Include="func.cpp">
      <Filter>源文件</Filter>
    </ClCompile>
    <ClCompile Include="War3Client.cpp">
      <Filter>源文件</Filter>
    </ClCompile>
    <ClCompile Include="VSPatch.cpp">
      <Filter>源文件</Filter>
    </ClCompile>
    <ClCompile Include="MapPatch.cpp">
      <Filter>源文件</Filter>
    </ClCompile>
    <ClCompile Include="Gamestate.cpp">
      <Filter>源文件</Filter>
    </ClCompile>
    <ClCompile Include="zResourceHook.cpp">
      <Filter>源文件</Filter>
    </ClCompile>
    <ClCompile Include="NumShow.cpp">
      <Filter>源文件</Filter>
    </ClCompile>
    <ClCompile Include="HeroLine.cpp">
      <Filter>源文件</Filter>
    </ClCompile>
    <ClCompile Include="UnitCommad.cpp">
      <Filter>源文件</Filter>
    </ClCompile>
    <ClCompile Include="ColoredInvi.cpp">
      <Filter>源文件</Filter>
    </ClCompile>
    <ClCompile Include="GreyHP.cpp">
      <Filter>源文件</Filter>
    </ClCompile>
    <ClCompile Include="DamageNotifier.cpp">
      <Filter>源文件</Filter>
    </ClCompile>
  </ItemGroup>
</Project>